
Microsoft Visual Studio Solution File, Format Version 12.00
# Visual Studio Version 16
VisualStudioVersion = 16.0.31829.152
MinimumVisualStudioVersion = 10.0.40219.1
Project("{FAE04EC0-301F-11D3-BF4B-00C04F79EFBC}") = "Task5_1", "Task5_1\Task5_1.csproj", "{F12FC7F3-401F-439F-8CBE-A445C297B055}"
EndProject
Global
	GlobalSection(SolutionConfigurationPlatforms) = preSolution
		Debug|Any CPU = Debug|Any CPU
		Release|Any CPU = Release|Any CPU
	EndGlobalSection
	GlobalSection(ProjectConfigurationPlatforms) = postSolution
		{F12FC7F3-401F-439F-8CBE-A445C297B055}.Debug|Any CPU.ActiveCfg = Debug|Any CPU
		{F12FC7F3-401F-439F-8CBE-A445C297B055}.Debug|Any CPU.Build.0 = Debug|Any CPU
		{F12FC7F3-401F-439F-8CBE-A445C297B055}.Release|Any CPU.ActiveCfg = Release|Any CPU
		{F12FC7F3-401F-439F-8CBE-A445C297B055}.Release|Any CPU.Build.0 = Release|Any CPU
	EndGlobalSection
	GlobalSection(SolutionProperties) = preSolution
		HideSolutionNode = FALSE
	EndGlobalSection
	GlobalSection(ExtensibilityGlobals) = postSolution
		SolutionGuid = {2AE8F86B-B488-433F-B3EE-E267121AE24A}
	EndGlobalSection
EndGlobal
